
Microsoft Visual Studio Solution File, Format Version 12.00
# Visual Studio Version 17
VisualStudioVersion = 17.7.34024.191
MinimumVisualStudioVersion = 10.0.40219.1
Project("{FAE04EC0-301F-11D3-BF4B-00C04F79EFBC}") = "Lab_1", "Lab_1\Lab_1.csproj", "{DC7CC6F0-22A3-4EDA-9129-FAD3BBABE7AD}"
EndProject
Project("{FAE04EC0-301F-11D3-BF4B-00C04F79EFBC}") = "Lab_1.Tests", "Lab_1.Tests\Lab_1.Tests.csproj", "{976BB0DE-4242-4956-B31E-A3C4E7AEC9CC}"
EndProject
Global
	GlobalSection(SolutionConfigurationPlatforms) = preSolution
		Debug|Any CPU = Debug|Any CPU
		Release|Any CPU = Release|Any CPU
	EndGlobalSection
	GlobalSection(ProjectConfigurationPlatforms) = postSolution
		{DC7CC6F0-22A3-4EDA-9129-FAD3BBABE7AD}.Debug|Any CPU.ActiveCfg = Debug|Any CPU
		{DC7CC6F0-22A3-4EDA-9129-FAD3BBABE7AD}.Debug|Any CPU.Build.0 = Debug|Any CPU
		{DC7CC6F0-22A3-4EDA-9129-FAD3BBABE7AD}.Release|Any CPU.ActiveCfg = Release|Any CPU
		{DC7CC6F0-22A3-4EDA-9129-FAD3BBABE7AD}.Release|Any CPU.Build.0 = Release|Any CPU
		{976BB0DE-4242-4956-B31E-A3C4E7AEC9CC}.Debug|Any CPU.ActiveCfg = Debug|Any CPU
		{976BB0DE-4242-4956-B31E-A3C4E7AEC9CC}.Debug|Any CPU.Build.0 = Debug|Any CPU
		{976BB0DE-4242-4956-B31E-A3C4E7AEC9CC}.Release|Any CPU.ActiveCfg = Release|Any CPU
		{976BB0DE-4242-4956-B31E-A3C4E7AEC9CC}.Release|Any CPU.Build.0 = Release|Any CPU
	EndGlobalSection
	GlobalSection(SolutionProperties) = preSolution
		HideSolutionNode = FALSE
	EndGlobalSection
	GlobalSection(ExtensibilityGlobals) = postSolution
		SolutionGuid = {718F17BE-096B-4732-9B1A-E7D8CF91DA1D}
	EndGlobalSection
EndGlobal
